
Microsoft Visual Studio Solution File, Format Version 12.00
# Visual Studio Version 16
VisualStudioVersion = 16.0.31624.102
MinimumVisualStudioVersion = 10.0.40219.1
Project("{9A19103F-16F7-4668-BE54-9A1E7A4F7556}") = "Labb3XUnit", "Labb3XUnit\Labb3XUnit.csproj", "{3992B4C5-8BA1-4F45-9A99-C7CB72B51F93}"
EndProject
Project("{FAE04EC0-301F-11D3-BF4B-00C04F79EFBC}") = "Labb3XUnit.Tests", "Labb3XUnit.Tests\Labb3XUnit.Tests.csproj", "{C1555608-760A-43A7-A162-868DAAB9F55E}"
EndProject
Global
	GlobalSection(SolutionConfigurationPlatforms) = preSolution
		Debug|Any CPU = Debug|Any CPU
		Release|Any CPU = Release|Any CPU
	EndGlobalSection
	GlobalSection(ProjectConfigurationPlatforms) = postSolution
		{3992B4C5-8BA1-4F45-9A99-C7CB72B51F93}.Debug|Any CPU.ActiveCfg = Debug|Any CPU
		{3992B4C5-8BA1-4F45-9A99-C7CB72B51F93}.Debug|Any CPU.Build.0 = Debug|Any CPU
		{3992B4C5-8BA1-4F45-9A99-C7CB72B51F93}.Release|Any CPU.ActiveCfg = Release|Any CPU
		{3992B4C5-8BA1-4F45-9A99-C7CB72B51F93}.Release|Any CPU.Build.0 = Release|Any CPU
		{C1555608-760A-43A7-A162-868DAAB9F55E}.Debug|Any CPU.ActiveCfg = Debug|Any CPU
		{C1555608-760A-43A7-A162-868DAAB9F55E}.Debug|Any CPU.Build.0 = Debug|Any CPU
		{C1555608-760A-43A7-A162-868DAAB9F55E}.Release|Any CPU.ActiveCfg = Release|Any CPU
		{C1555608-760A-43A7-A162-868DAAB9F55E}.Release|Any CPU.Build.0 = Release|Any CPU
	EndGlobalSection
	GlobalSection(SolutionProperties) = preSolution
		HideSolutionNode = FALSE
	EndGlobalSection
	GlobalSection(ExtensibilityGlobals) = postSolution
		SolutionGuid = {D466BFFA-D538-46DE-AF27-665AD0F8725C}
	EndGlobalSection
EndGlobal
